
Microsoft Visual Studio Solution File, Format Version 11.00
# Visual Studio 2010
Project("{FAE04EC0-301F-11D3-BF4B-00C04F79EFBC}") = "ZXing", "ZXing\ZXing.csproj", "{4EF57109-0416-44E2-8F38-91B60535196A}"
EndProject
Global
	GlobalSection(SolutionConfigurationPlatforms) = preSolution
		Debug|Any CPU = Debug|Any CPU
		Release|Any CPU = Release|Any CPU
	EndGlobalSection
	GlobalSection(ProjectConfigurationPlatforms) = postSolution
		{4EF57109-0416-44E2-8F38-91B60535196A}.Debug|Any CPU.ActiveCfg = Debug|Any CPU
		{4EF57109-0416-44E2-8F38-91B60535196A}.Debug|Any CPU.Build.0 = Debug|Any CPU
		{4EF57109-0416-44E2-8F38-91B60535196A}.Release|Any CPU.ActiveCfg = Release|Any CPU
		{4EF57109-0416-44E2-8F38-91B60535196A}.Release|Any CPU.Build.0 = Release|Any CPU
	EndGlobalSection
	GlobalSection(MonoDevelopProperties) = preSolution
		StartupItem = ZXing\ZXing.csproj
	EndGlobalSection
EndGlobal
